// !$*UTF8*$!
{
	archiveVersion = 1;
	classes = {
	};
	objectVersion = 46;
	objects = {

/* Begin PBXBuildFile section */
		3F948D6F2239AD87009F6419 /* AppDelegate.swift in Sources */ = {isa = PBXBuildFile; fileRef = 3F948D6E2239AD87009F6419 /* AppDelegate.swift */; };
		3F948D712239AD87009F6419 /* ViewController.swift in Sources */ = {isa = PBXBuildFile; fileRef = 3F948D702239AD87009F6419 /* ViewController.swift */; };
		3F948D742239AD87009F6419 /* Main.storyboard in Resources */ = {isa = PBXBuildFile; fileRef = 3F948D722239AD87009F6419 /* Main.storyboard */; };
		3F948D762239AD87009F6419 /* Assets.xcassets in Resources */ = {isa = PBXBuildFile; fileRef = 3F948D752239AD87009F6419 /* Assets.xcassets */; };
		3F948D792239AD87009F6419 /* LaunchScreen.storyboard in Resources */ = {isa = PBXBuildFile; fileRef = 3F948D772239AD87009F6419 /* LaunchScreen.storyboard */; };
		3F948D812239AEF1009F6419 /* OnePieceDAO.swift in Sources */ = {isa = PBXBuildFile; fileRef = 3F948D802239AEF1009F6419 /* OnePieceDAO.swift */; };
/* End PBXBuildFile section */

/* Begin PBXFileReference section */
		3F948D6B2239AD87009F6419 /* RequestAPI.app */ = {isa = PBXFileReference; explicitFileType = wrapper.application; includeInIndex = 0; path = RequestAPI.app; sourceTree = BUILT_PRODUCTS_DIR; };
		3F948D6E2239AD87009F6419 /* AppDelegate.swift */ = {isa = PBXFileReference; lastKnownFileType = sourcecode.swift; path = AppDelegate.swift; sourceTree = "<group>"; };
		3F948D702239AD87009F6419 /* ViewController.swift */ = {isa = PBXFileReference; lastKnownFileType = sourcecode.swift; path = ViewController.swift; sourceTree = "<group>"; };
		3F948D732239AD87009F6419 /* Base */ = {isa = PBXFileReference; lastKnownFileType = file.storyboard; name = Base; path = Base.lproj/Main.storyboard; sourceTree = "<group>"; };
		3F948D752239AD87009F6419 /* Assets.xcassets */ = {isa = PBXFileReference; lastKnownFileType = folder.assetcatalog; path = Assets.xcassets; sourceTree = "<group>"; };
		3F948D782239AD87009F6419 /* Base */ = {isa = PBXFileReference; lastKnownFileType = file.storyboard; name = Base; path = Base.lproj/LaunchScreen.storyboard; sourceTree = "<group>"; };
		3F948D7A2239AD87009F6419 /* Info.plist */ = {isa = PBXFileReference; lastKnownFileType = text.plist.xml; path = Info.plist; sourceTree = "<group>"; };
		3F948D802239AEF1009F6419 /* OnePieceDAO.swift */ = {isa = PBXFileReference; fileEncoding = 4; lastKnownFileType = sourcecode.swift; path = OnePieceDAO.swift; sourceTree = "<group>"; };
/* End PBXFileReference section */

/* Begin PBXFrameworksBuildPhase section */
		3F948D682239AD87009F6419 /* Frameworks */ = {
			isa = PBXFrameworksBuildPhase;
			buildActionMask = 2147483647;
			files = (
			);
			runOnlyForDeploymentPostprocessing = 0;
		};
/* End PBXFrameworksBuildPhase section */

/* Begin PBXGroup section */
		3F948D622239AD87009F6419 = {
			isa = PBXGroup;
			children = (
				3F948D6D2239AD87009F6419 /* RequestAPI */,
				3F948D6C2239AD87009F6419 /* Products */,
			);
			sourceTree = "<group>";
		};
		3F948D6C2239AD87009F6419 /* Products */ = {
			isa = PBXGroup;
			children = (
				3F948D6B2239AD87009F6419 /* RequestAPI.app */,
			);
			name = Products;
			sourceTree = "<group>";
		};
		3F948D6D2239AD87009F6419 /* RequestAPI */ = {
			isa = PBXGroup;
			children = (
				3F948D6E2239AD87009F6419 /* AppDelegate.swift */,
				3F948D702239AD87009F6419 /* ViewController.swift */,
				3F948D722239AD87009F6419 /* Main.storyboard */,
				3F948D752239AD87009F6419 /* Assets.xcassets */,
				3F948D772239AD87009F6419 /* LaunchScreen.storyboard */,
				3F948D7A2239AD87009F6419 /* Info.plist */,
				3F948D802239AEF1009F6419 /* OnePieceDAO.swift */,
			);
			path = RequestAPI;
			sourceTree = "<group>";
		};
/* End PBXGroup section */

/* Begin PBXNativeTarget section */
		3F948D6A2239AD87009F6419 /* RequestAPI */ = {
			isa = PBXNativeTarget;
			buildConfigurationList = 3F948D7D2239AD87009F6419 /* Build configuration list for PBXNativeTarget "RequestAPI" */;
			buildPhases = (
				3F948D672239AD87009F6419 /* Sources */,
				3F948D682239AD87009F6419 /* Frameworks */,
				3F948D692239AD87009F6419 /* Resources */,
			);
			buildRules = (
			);
			dependencies = (
			);
			name = RequestAPI;
			productName = RequestAPI;
			productReference = 3F948D6B2239AD87009F6419 /* RequestAPI.app */;
			productType = "com.apple.product-type.application";
		};
/* End PBXNativeTarget section */

/* Begin PBXProject section */
		3F948D632239AD87009F6419 /* Project object */ = {
			isa = PBXProject;
			attributes = {
				LastSwiftUpdateCheck = 0830;
				LastUpgradeCheck = 0830;
				ORGANIZATIONNAME = "Ricardo Ribeiro";
				TargetAttributes = {
					3F948D6A2239AD87009F6419 = {
						CreatedOnToolsVersion = 8.3.3;
						ProvisioningStyle = Automatic;
					};
				};
			};
			buildConfigurationList = 3F948D662239AD87009F6419 /* Build configuration list for PBXProject "RequestAPI" */;
			compatibilityVersion = "Xcode 3.2";
			developmentRegion = English;
			hasScannedForEncodings = 0;
			knownRegions = (
				en,
				Base,
			);
			mainGroup = 3F948D622239AD87009F6419;
			productRefGroup = 3F948D6C2239AD87009F6419 /* Products */;
			projectDirPath = "";
			projectRoot = "";
			targets = (
				3F948D6A2239AD87009F6419 /* RequestAPI */,
			);
		};
/* End PBXProject section */

/* Begin PBXResourcesBuildPhase section */
		3F948D692239AD87009F6419 /* Resources */ = {
			isa = PBXResourcesBuildPhase;
			buildActionMask = 2147483647;
			files = (
				3F948D792239AD87009F6419 /* LaunchScreen.storyboard in Resources */,
				3F948D762239AD87009F6419 /* Assets.xcassets in Resources */,
				3F948D742239AD87009F6419 /* Main.storyboard in Resources */,
			);
			runOnlyForDeploymentPostprocessing = 0;
		};
/* End PBXResourcesBuildPhase section */

/* Begin PBXSourcesBuildPhase section */
		3F948D672239AD87009F6419 /* Sources */ = {
			isa = PBXSourcesBuildPhase;
			buildActionMask = 2147483647;
			files = (
				3F948D712239AD87009F6419 /* ViewController.swift in Sources */,
				3F948D6F2239AD87009F6419 /* AppDelegate.swift in Sources */,
				3F948D812239AEF1009F6419 /* OnePieceDAO.swift in Sources */,
			);
			runOnlyForDeploymentPostprocessing = 0;
		};
/* End PBXSourcesBuildPhase section */

/* Begin PBXVariantGroup section */
		3F948D722239AD87009F6419 /* Main.storyboard */ = {
			isa = PBXVariantGroup;
			children = (
				3F948D732239AD87009F6419 /* Base */,
			);
			name = Main.storyboard;
			sourceTree = "<group>";
		};
		3F948D772239AD87009F6419 /* LaunchScreen.storyboard */ = {
			isa = PBXVariantGroup;
			children = (
				3F948D782239AD87009F6419 /* Base */,
			);
			name = LaunchScreen.storyboard;
			sourceTree = "<group>";
		};
/* End PBXVariantGroup section */

/* Begin XCBuildConfiguration section */
		3F948D7B2239AD87009F6419 /* Debug */ = {
			isa = XCBuildConfiguration;
			buildSettings = {
				ALWAYS_SEARCH_USER_PATHS = NO;
				CLANG_ANALYZER_NONNULL = YES;
				CLANG_ANALYZER_NUMBER_OBJECT_CONVERSION = YES_AGGRESSIVE;
				CLANG_CXX_LANGUAGE_STANDARD = "gnu++0x";
				CLANG_CXX_LIBRARY = "libc++";
				CLANG_ENABLE_MODULES = YES;
				CLANG_ENABLE_OBJC_ARC = YES;
				CLANG_WARN_BOOL_CONVERSION = YES;
				CLANG_WARN_CONSTANT_CONVERSION = YES;
				CLANG_WARN_DIRECT_OBJC_ISA_USAGE = YES_ERROR;
				CLANG_WARN_DOCUMENTATION_COMMENTS = YES;
				CLANG_WARN_EMPTY_BODY = YES;
				CLANG_WARN_ENUM_CONVERSION = YES;
				CLANG_WARN_INFINITE_RECURSION = YES;
				CLANG_WARN_INT_CONVERSION = YES;
				CLANG_WARN_OBJC_ROOT_CLASS = YES_ERROR;
				CLANG_WARN_SUSPICIOUS_MOVE = YES;
				CLANG_WARN_UNREACHABLE_CODE = YES;
				CLANG_WARN__DUPLICATE_METHOD_MATCH = YES;
				"CODE_SIGN_IDENTITY[sdk=iphoneos*]" = "iPhone Developer";
				COPY_PHASE_STRIP = NO;
				DEBUG_INFORMATION_FORMAT = dwarf;
				ENABLE_STRICT_OBJC_MSGSEND = YES;
				ENABLE_TESTABILITY = YES;
				GCC_C_LANGUAGE_STANDARD = gnu99;
				GCC_DYNAMIC_NO_PIC = NO;
				GCC_NO_COMMON_BLOCKS = YES;
				GCC_OPTIMIZATION_LEVEL = 0;
				GCC_PREPROCESSOR_DEFINITIONS = (
					"DEBUG=1",
					"$(inherited)",
				);
				GCC_WARN_64_TO_32_BIT_CONVERSION = YES;
				GCC_WARN_ABOUT_RETURN_TYPE = YES_ERROR;
				GCC_WARN_UNDECLARED_SELECTOR = YES;
				GCC_WARN_UNINITIALIZED_AUTOS = YES_AGGRESSIVE;
				GCC_WARN_UNUSED_FUNCTION = YES;
				GCC_WARN_UNUSED_VARIABLE = YES;
				IPHONEOS_DEPLOYMENT_TARGET = 10.3;
				MTL_ENABLE_DEBUG_INFO = YES;
				ONLY_ACTIVE_ARCH = YES;
				SDKROOT = iphoneos;
				SWIFT_ACTIVE_COMPILATION_CONDITIONS = DEBUG;
				SWIFT_OPTIMIZATION_LEVEL = "-Onone";
				TARGETED_DEVICE_FAMILY = "1,2";
			};
			name = Debug;
		};
		3F948D7C2239AD87009F6419 /* Release */ = {
			isa = XCBuildConfiguration;
			buildSettings = {
				ALWAYS_SEARCH_USER_PATHS = NO;
				CLANG_ANALYZER_NONNULL = YES;
				CLANG_ANALYZER_NUMBER_OBJECT_CONVERSION = YES_AGGRESSIVE;
				CLANG_CXX_LANGUAGE_STANDARD = "gnu++0x";
				CLANG_CXX_LIBRARY = "libc++";
				CLANG_ENABLE_MODULES = YES;
				CLANG_ENABLE_OBJC_ARC = YES;
				CLANG_WARN_BOOL_CONVERSION = YES;
				CLANG_WARN_CONSTANT_CONVERSION = YES;
				CLANG_WARN_DIRECT_OBJC_ISA_USAGE = YES_ERROR;
				CLANG_WARN_DOCUMENTATION_COMMENTS = YES;
				CLANG_WARN_EMPTY_BODY = YES;
				CLANG_WARN_ENUM_CONVERSION = YES;
				CLANG_WARN_INFINITE_RECURSION = YES;
				CLANG_WARN_INT_CONVERSION = YES;
				CLANG_WARN_OBJC_ROOT_CLASS = YES_ERROR;
				CLANG_WARN_SUSPICIOUS_MOVE = YES;
				CLANG_WARN_UNREACHABLE_CODE = YES;
				CLANG_WARN__DUPLICATE_METHOD_MATCH = YES;
				"CODE_SIGN_IDENTITY[sdk=iphoneos*]" = "iPhone Developer";
				COPY_PHASE_STRIP = NO;
				DEBUG_INFORMATION_FORMAT = "dwarf-with-dsym";
				ENABLE_NS_ASSERTIONS = NO;
				ENABLE_STRICT_OBJC_MSGSEND = YES;
				GCC_C_LANGUAGE_STANDARD = gnu99;
				GCC_NO_COMMON_BLOCKS = YES;
				GCC_WARN_64_TO_32_BIT_CONVERSION = YES;
				GCC_WARN_ABOUT_RETURN_TYPE = YES_ERROR;
				GCC_WARN_UNDECLARED_SELECTOR = YES;
				GCC_WARN_UNINITIALIZED_AUTOS = YES_AGGRESSIVE;
				GCC_WARN_UNUSED_FUNCTION = YES;
				GCC_WARN_UNUSED_VARIABLE = YES;
				IPHONEOS_DEPLOYMENT_TARGET = 10.3;
				MTL_ENABLE_DEBUG_INFO = NO;
				SDKROOT = iphoneos;
				SWIFT_OPTIMIZATION_LEVEL = "-Owholemodule";
				TARGETED_DEVICE_FAMILY = "1,2";
				VALIDATE_PRODUCT = YES;
			};
			name = Release;
		};
		3F948D7E2239AD87009F6419 /* Debug */ = {
			isa = XCBuildConfiguration;
			buildSettings = {
				ASSETCATALOG_COMPILER_APPICON_NAME = AppIcon;
				INFOPLIST_FILE = RequestAPI/Info.plist;
				LD_RUNPATH_SEARCH_PATHS = "$(inherited) @executable_path/Frameworks";
				PRODUCT_BUNDLE_IDENTIFIER = com.br.Ricardo.Ribeiro.RequestAPI;
				PRODUCT_NAME = "$(TARGET_NAME)";
				SWIFT_VERSION = 3.0;
			};
			name = Debug;
		};
		3F948D7F2239AD87009F6419 /* Release */ = {
			isa = XCBuildConfiguration;
			buildSettings = {
				ASSETCATALOG_COMPILER_APPICON_NAME = AppIcon;
				INFOPLIST_FILE = RequestAPI/Info.plist;
				LD_RUNPATH_SEARCH_PATHS = "$(inherited) @executable_path/Frameworks";
				PRODUCT_BUNDLE_IDENTIFIER = com.br.Ricardo.Ribeiro.RequestAPI;
				PRODUCT_NAME = "$(TARGET_NAME)";
				SWIFT_VERSION = 3.0;
			};
			name = Release;
		};
/* End XCBuildConfiguration section */

/* Begin XCConfigurationList section */
		3F948D662239AD87009F6419 /* Build configuration list for PBXProject "RequestAPI" */ = {
			isa = XCConfigurationList;
			buildConfigurations = (
				3F948D7B2239AD87009F6419 /* Debug */,
				3F948D7C2239AD87009F6419 /* Release */,
			);
			defaultConfigurationIsVisible = 0;
			defaultConfigurationName = Release;
		};
		3F948D7D2239AD87009F6419 /* Build configuration list for PBXNativeTarget "RequestAPI" */ = {
			isa = XCConfigurationList;
			buildConfigurations = (
				3F948D7E2239AD87009F6419 /* Debug */,
				3F948D7F2239AD87009F6419 /* Release */,
			);
			defaultConfigurationIsVisible = 0;
		};
/* End XCConfigurationList section */
	};
	rootObject = 3F948D632239AD87009F6419 /* Project object */;
}
